
Microsoft Visual Studio Solution File, Format Version 12.00
# Visual Studio Version 17
VisualStudioVersion = 17.6.33829.357
MinimumVisualStudioVersion = 10.0.40219.1
Project("{FAE04EC0-301F-11D3-BF4B-00C04F79EFBC}") = "Sudoku", "Sudoku\Sudoku.csproj", "{E8C4A883-5B39-4986-9EA1-B85C01BE0655}"
EndProject
Global
	GlobalSection(SolutionConfigurationPlatforms) = preSolution
		Debug|Any CPU = Debug|Any CPU
		Release|Any CPU = Release|Any CPU
	EndGlobalSection
	GlobalSection(ProjectConfigurationPlatforms) = postSolution
		{E8C4A883-5B39-4986-9EA1-B85C01BE0655}.Debug|Any CPU.ActiveCfg = Debug|Any CPU
		{E8C4A883-5B39-4986-9EA1-B85C01BE0655}.Debug|Any CPU.Build.0 = Debug|Any CPU
		{E8C4A883-5B39-4986-9EA1-B85C01BE0655}.Release|Any CPU.ActiveCfg = Release|Any CPU
		{E8C4A883-5B39-4986-9EA1-B85C01BE0655}.Release|Any CPU.Build.0 = Release|Any CPU
	EndGlobalSection
	GlobalSection(SolutionProperties) = preSolution
		HideSolutionNode = FALSE
	EndGlobalSection
	GlobalSection(ExtensibilityGlobals) = postSolution
		SolutionGuid = {D1F0F7C4-CE20-4064-A165-79251E6F1C33}
	EndGlobalSection
EndGlobal
